Microsoft Visual Studio Solution File, Format Version 12.00
# Visual Studio Version 17
VisualStudioVersion = 17.5.2.0
MinimumVisualStudioVersion = 10.0.40219.1
Project("{2150E333-8FDC-42A3-9474-1A3956D46DE8}") = "src", "src", "{827E0CD3-B72D-47B6-A68D-7590B98EB39B}"
EndProject
Project("{2150E333-8FDC-42A3-9474-1A3956D46DE8}") = "temp", "temp", "{29F3AA1B-6D75-C75D-9183-749A65CD24A7}"
EndProject
Project("{FAE04EC0-301F-11D3-BF4B-00C04F79EFBC}") = "CoverageCompare", "src\CoverageCompare\CoverageCompare.csproj", "{8449F454-AD9D-5E58-203D-9E072641B3DF}"
EndProject
Project("{2150E333-8FDC-42A3-9474-1A3956D46DE8}") = "humanizer", "humanizer", "{704DCE47-B9F9-CB3D-AB31-AD7509FDB4EC}"
EndProject
Project("{2150E333-8FDC-42A3-9474-1A3956D46DE8}") = "src", "src", "{47C7F5E6-8AE3-0BF5-FB45-2823CF66CA2B}"
EndProject
Project("{FAE04EC0-301F-11D3-BF4B-00C04F79EFBC}") = "Benchmarks", "temp\humanizer\src\Benchmarks\Benchmarks.csproj", "{95C19305-83CD-A7B5-109C-B94B808213A0}"
EndProject
Project("{FAE04EC0-301F-11D3-BF4B-00C04F79EFBC}") = "Humanizer", "temp\humanizer\src\Humanizer\Humanizer.csproj", "{AA594C3A-D1A3-D342-008B-65D9E4BE29E9}"
EndProject
Project("{2150E333-8FDC-42A3-9474-1A3956D46DE8}") = "Humanizer.Analyzers", "Humanizer.Analyzers", "{F5E16F7A-EA8E-E7F5-39C4-567A7448AA71}"
EndProject
Project("{FAE04EC0-301F-11D3-BF4B-00C04F79EFBC}") = "Humanizer.Analyzers.Roslyn38", "temp\humanizer\src\Humanizer.Analyzers\Humanizer.Analyzers.Roslyn38.csproj", "{C5126110-04EB-D77D-25F1-44511969ABF2}"
EndProject
Project("{FAE04EC0-301F-11D3-BF4B-00C04F79EFBC}") = "Humanizer.Analyzers.Roslyn414", "temp\humanizer\src\Humanizer.Analyzers\Humanizer.Analyzers.Roslyn414.csproj", "{7CE595C0-1C6D-99CF-BBF9-86B6C7D2E8F2}"
EndProject
Project("{FAE04EC0-301F-11D3-BF4B-00C04F79EFBC}") = "Humanizer.Analyzers.Roslyn48", "temp\humanizer\src\Humanizer.Analyzers\Humanizer.Analyzers.Roslyn48.csproj", "{20C17E07-77A7-1BF9-EE12-C379A7DFD7A1}"
EndProject
Project("{FAE04EC0-301F-11D3-BF4B-00C04F79EFBC}") = "Humanizer.SourceGenerators", "temp\humanizer\src\Humanizer.SourceGenerators\Humanizer.SourceGenerators.csproj", "{39B70B2C-2F22-0C11-AA32-ED0E653EA047}"
EndProject
Project("{2150E333-8FDC-42A3-9474-1A3956D46DE8}") = "tests", "tests", "{8450730B-058A-279F-28DA-6F7920D48F1F}"
EndProject
Project("{2150E333-8FDC-42A3-9474-1A3956D46DE8}") = "Humanizer.Analyzers.Tests", "Humanizer.Analyzers.Tests", "{6E669A37-DD50-8775-803E-683D071D3AAC}"
EndProject
Project("{FAE04EC0-301F-11D3-BF4B-00C04F79EFBC}") = "Humanizer.Analyzers.Tests.Roslyn38", "temp\humanizer\tests\Humanizer.Analyzers.Tests\Humanizer.Analyzers.Tests.Roslyn38.csproj", "{7FD98016-20E0-C565-94C6-7B36BB3E0474}"
EndProject
Project("{FAE04EC0-301F-11D3-BF4B-00C04F79EFBC}") = "Humanizer.Analyzers.Tests.Roslyn414", "temp\humanizer\tests\Humanizer.Analyzers.Tests\Humanizer.Analyzers.Tests.Roslyn414.csproj", "{B8716758-C00E-435E-A520-EE70077BE831}"
EndProject
Project("{FAE04EC0-301F-11D3-BF4B-00C04F79EFBC}") = "Humanizer.Analyzers.Tests.Roslyn48", "temp\humanizer\tests\Humanizer.Analyzers.Tests\Humanizer.Analyzers.Tests.Roslyn48.csproj", "{14A76F66-6C1A-C907-238A-3470BE558D36}"
EndProject
Project("{FAE04EC0-301F-11D3-BF4B-00C04F79EFBC}") = "Humanizer.SourceGenerators.Tests", "temp\humanizer\tests\Humanizer.SourceGenerators.Tests\Humanizer.SourceGenerators.Tests.csproj", "{B3228E34-B6AE-C79E-4ECE-A5B3374EF2CD}"
EndProject
Project("{FAE04EC0-301F-11D3-BF4B-00C04F79EFBC}") = "Humanizer.Tests", "temp\humanizer\tests\Humanizer.Tests\Humanizer.Tests.csproj", "{F356C46C-D5CB-05FF-34D6-3BBE5E1C38E6}"
EndProject
Project("{2150E333-8FDC-42A3-9474-1A3956D46DE8}") = "tools", "tools", "{02641EA5-D724-8BBB-1CC2-075A6C77748B}"
EndProject
Project("{FAE04EC0-301F-11D3-BF4B-00C04F79EFBC}") = "locale-probe-net48", "temp\humanizer\tools\locale-probe-net48\locale-probe-net48.csproj", "{013B466A-E0B4-F305-EB40-565DA997DFF6}"
EndProject
Global
	GlobalSection(SolutionConfigurationPlatforms) = preSolution
		Debug|Any CPU = Debug|Any CPU
		Release|Any CPU = Release|Any CPU
	EndGlobalSection
	GlobalSection(ProjectConfigurationPlatforms) = postSolution
		{8449F454-AD9D-5E58-203D-9E072641B3DF}.Debug|Any CPU.ActiveCfg = Debug|Any CPU
		{8449F454-AD9D-5E58-203D-9E072641B3DF}.Debug|Any CPU.Build.0 = Debug|Any CPU
		{8449F454-AD9D-5E58-203D-9E072641B3DF}.Release|Any CPU.ActiveCfg = Release|Any CPU
		{8449F454-AD9D-5E58-203D-9E072641B3DF}.Release|Any CPU.Build.0 = Release|Any CPU
		{95C19305-83CD-A7B5-109C-B94B808213A0}.Debug|Any CPU.ActiveCfg = Debug|Any CPU
		{95C19305-83CD-A7B5-109C-B94B808213A0}.Debug|Any CPU.Build.0 = Debug|Any CPU
		{95C19305-83CD-A7B5-109C-B94B808213A0}.Release|Any CPU.ActiveCfg = Release|Any CPU
		{95C19305-83CD-A7B5-109C-B94B808213A0}.Release|Any CPU.Build.0 = Release|Any CPU
		{AA594C3A-D1A3-D342-008B-65D9E4BE29E9}.Debug|Any CPU.ActiveCfg = Debug|Any CPU
		{AA594C3A-D1A3-D342-008B-65D9E4BE29E9}.Debug|Any CPU.Build.0 = Debug|Any CPU
		{AA594C3A-D1A3-D342-008B-65D9E4BE29E9}.Release|Any CPU.ActiveCfg = Release|Any CPU
		{AA594C3A-D1A3-D342-008B-65D9E4BE29E9}.Release|Any CPU.Build.0 = Release|Any CPU
		{C5126110-04EB-D77D-25F1-44511969ABF2}.Debug|Any CPU.ActiveCfg = Debug|Any CPU
		{C5126110-04EB-D77D-25F1-44511969ABF2}.Debug|Any CPU.Build.0 = Debug|Any CPU
		{C5126110-04EB-D77D-25F1-44511969ABF2}.Release|Any CPU.ActiveCfg = Release|Any CPU
		{C5126110-04EB-D77D-25F1-44511969ABF2}.Release|Any CPU.Build.0 = Release|Any CPU
		{7CE595C0-1C6D-99CF-BBF9-86B6C7D2E8F2}.Debug|Any CPU.ActiveCfg = Debug|Any CPU
		{7CE595C0-1C6D-99CF-BBF9-86B6C7D2E8F2}.Debug|Any CPU.Build.0 = Debug|Any CPU
		{7CE595C0-1C6D-99CF-BBF9-86B6C7D2E8F2}.Release|Any CPU.ActiveCfg = Release|Any CPU
		{7CE595C0-1C6D-99CF-BBF9-86B6C7D2E8F2}.Release|Any CPU.Build.0 = Release|Any CPU
		{20C17E07-77A7-1BF9-EE12-C379A7DFD7A1}.Debug|Any CPU.ActiveCfg = Debug|Any CPU
		{20C17E07-77A7-1BF9-EE12-C379A7DFD7A1}.Debug|Any CPU.Build.0 = Debug|Any CPU
		{20C17E07-77A7-1BF9-EE12-C379A7DFD7A1}.Release|Any CPU.ActiveCfg = Release|Any CPU
		{20C17E07-77A7-1BF9-EE12-C379A7DFD7A1}.Release|Any CPU.Build.0 = Release|Any CPU
		{39B70B2C-2F22-0C11-AA32-ED0E653EA047}.Debug|Any CPU.ActiveCfg = Debug|Any CPU
		{39B70B2C-2F22-0C11-AA32-ED0E653EA047}.Debug|Any CPU.Build.0 = Debug|Any CPU
		{39B70B2C-2F22-0C11-AA32-ED0E653EA047}.Release|Any CPU.ActiveCfg = Release|Any CPU
		{39B70B2C-2F22-0C11-AA32-ED0E653EA047}.Release|Any CPU.Build.0 = Release|Any CPU
		{7FD98016-20E0-C565-94C6-7B36BB3E0474}.Debug|Any CPU.ActiveCfg = Debug|Any CPU
		{7FD98016-20E0-C565-94C6-7B36BB3E0474}.Debug|Any CPU.Build.0 = Debug|Any CPU
		{7FD98016-20E0-C565-94C6-7B36BB3E0474}.Release|Any CPU.ActiveCfg = Release|Any CPU
		{7FD98016-20E0-C565-94C6-7B36BB3E0474}.Release|Any CPU.Build.0 = Release|Any CPU
		{B8716758-C00E-435E-A520-EE70077BE831}.Debug|Any CPU.ActiveCfg = Debug|Any CPU
		{B8716758-C00E-435E-A520-EE70077BE831}.Debug|Any CPU.Build.0 = Debug|Any CPU
		{B8716758-C00E-435E-A520-EE70077BE831}.Release|Any CPU.ActiveCfg = Release|Any CPU
		{B8716758-C00E-435E-A520-EE70077BE831}.Release|Any CPU.Build.0 = Release|Any CPU
		{14A76F66-6C1A-C907-238A-3470BE558D36}.Debug|Any CPU.ActiveCfg = Debug|Any CPU
		{14A76F66-6C1A-C907-238A-3470BE558D36}.Debug|Any CPU.Build.0 = Debug|Any CPU
		{14A76F66-6C1A-C907-238A-3470BE558D36}.Release|Any CPU.ActiveCfg = Release|Any CPU
		{14A76F66-6C1A-C907-238A-3470BE558D36}.Release|Any CPU.Build.0 = Release|Any CPU
		{B3228E34-B6AE-C79E-4ECE-A5B3374EF2CD}.Debug|Any CPU.ActiveCfg = Debug|Any CPU
		{B3228E34-B6AE-C79E-4ECE-A5B3374EF2CD}.Debug|Any CPU.Build.0 = Debug|Any CPU
		{B3228E34-B6AE-C79E-4ECE-A5B3374EF2CD}.Release|Any CPU.ActiveCfg = Release|Any CPU
		{B3228E34-B6AE-C79E-4ECE-A5B3374EF2CD}.Release|Any CPU.Build.0 = Release|Any CPU
		{F356C46C-D5CB-05FF-34D6-3BBE5E1C38E6}.Debug|Any CPU.ActiveCfg = Debug|Any CPU
		{F356C46C-D5CB-05FF-34D6-3BBE5E1C38E6}.Debug|Any CPU.Build.0 = Debug|Any CPU
		{F356C46C-D5CB-05FF-34D6-3BBE5E1C38E6}.Release|Any CPU.ActiveCfg = Release|Any CPU
		{F356C46C-D5CB-05FF-34D6-3BBE5E1C38E6}.Release|Any CPU.Build.0 = Release|Any CPU
		{013B466A-E0B4-F305-EB40-565DA997DFF6}.Debug|Any CPU.ActiveCfg = Debug|Any CPU
		{013B466A-E0B4-F305-EB40-565DA997DFF6}.Debug|Any CPU.Build.0 = Debug|Any CPU
		{013B466A-E0B4-F305-EB40-565DA997DFF6}.Release|Any CPU.ActiveCfg = Release|Any CPU
		{013B466A-E0B4-F305-EB40-565DA997DFF6}.Release|Any CPU.Build.0 = Release|Any CPU
	EndGlobalSection
	GlobalSection(SolutionProperties) = preSolution
		HideSolutionNode = FALSE
	EndGlobalSection
	GlobalSection(NestedProjects) = preSolution
		{8449F454-AD9D-5E58-203D-9E072641B3DF} = {827E0CD3-B72D-47B6-A68D-7590B98EB39B}
		{704DCE47-B9F9-CB3D-AB31-AD7509FDB4EC} = {29F3AA1B-6D75-C75D-9183-749A65CD24A7}
		{47C7F5E6-8AE3-0BF5-FB45-2823CF66CA2B} = {704DCE47-B9F9-CB3D-AB31-AD7509FDB4EC}
		{95C19305-83CD-A7B5-109C-B94B808213A0} = {47C7F5E6-8AE3-0BF5-FB45-2823CF66CA2B}
		{AA594C3A-D1A3-D342-008B-65D9E4BE29E9} = {47C7F5E6-8AE3-0BF5-FB45-2823CF66CA2B}
		{F5E16F7A-EA8E-E7F5-39C4-567A7448AA71} = {47C7F5E6-8AE3-0BF5-FB45-2823CF66CA2B}
		{C5126110-04EB-D77D-25F1-44511969ABF2} = {F5E16F7A-EA8E-E7F5-39C4-567A7448AA71}
		{7CE595C0-1C6D-99CF-BBF9-86B6C7D2E8F2} = {F5E16F7A-EA8E-E7F5-39C4-567A7448AA71}
		{20C17E07-77A7-1BF9-EE12-C379A7DFD7A1} = {F5E16F7A-EA8E-E7F5-39C4-567A7448AA71}
		{39B70B2C-2F22-0C11-AA32-ED0E653EA047} = {47C7F5E6-8AE3-0BF5-FB45-2823CF66CA2B}
		{8450730B-058A-279F-28DA-6F7920D48F1F} = {704DCE47-B9F9-CB3D-AB31-AD7509FDB4EC}
		{6E669A37-DD50-8775-803E-683D071D3AAC} = {8450730B-058A-279F-28DA-6F7920D48F1F}
		{7FD98016-20E0-C565-94C6-7B36BB3E0474} = {6E669A37-DD50-8775-803E-683D071D3AAC}
		{B8716758-C00E-435E-A520-EE70077BE831} = {6E669A37-DD50-8775-803E-683D071D3AAC}
		{14A76F66-6C1A-C907-238A-3470BE558D36} = {6E669A37-DD50-8775-803E-683D071D3AAC}
		{B3228E34-B6AE-C79E-4ECE-A5B3374EF2CD} = {8450730B-058A-279F-28DA-6F7920D48F1F}
		{F356C46C-D5CB-05FF-34D6-3BBE5E1C38E6} = {8450730B-058A-279F-28DA-6F7920D48F1F}
		{02641EA5-D724-8BBB-1CC2-075A6C77748B} = {704DCE47-B9F9-CB3D-AB31-AD7509FDB4EC}
		{013B466A-E0B4-F305-EB40-565DA997DFF6} = {02641EA5-D724-8BBB-1CC2-075A6C77748B}
	EndGlobalSection
	GlobalSection(ExtensibilityGlobals) = postSolution
		SolutionGuid = {2286123F-7780-4D8E-BBA9-A1A6B679A1A3}
	EndGlobalSection
EndGlobal
